
Microsoft Visual Studio Solution File, Format Version 12.00
# Visual Studio Version 17
VisualStudioVersion = 17.11.35222.181
MinimumVisualStudioVersion = 10.0.40219.1
Project("{FAE04EC0-301F-11D3-BF4B-00C04F79EFBC}") = "Practica02", "Practica02.csproj", "{C59AD296-E185-441B-A7E3-192DB0949840}"
EndProject
Project("{FAE04EC0-301F-11D3-BF4B-00C04F79EFBC}") = "ClassLibrary1", "ClassLibrary1\ClassLibrary1.csproj", "{C3EDF334-CA35-4409-B64A-77DC4BC99247}"
EndProject
Global
	GlobalSection(SolutionConfigurationPlatforms) = preSolution
		Debug|Any CPU = Debug|Any CPU
		Release|Any CPU = Release|Any CPU
	EndGlobalSection
	GlobalSection(ProjectConfigurationPlatforms) = postSolution
		{C59AD296-E185-441B-A7E3-192DB0949840}.Debug|Any CPU.ActiveCfg = Debug|Any CPU
		{C59AD296-E185-441B-A7E3-192DB0949840}.Debug|Any CPU.Build.0 = Debug|Any CPU
		{C59AD296-E185-441B-A7E3-192DB0949840}.Release|Any CPU.ActiveCfg = Release|Any CPU
		{C59AD296-E185-441B-A7E3-192DB0949840}.Release|Any CPU.Build.0 = Release|Any CPU
		{C3EDF334-CA35-4409-B64A-77DC4BC99247}.Debug|Any CPU.ActiveCfg = Debug|Any CPU
		{C3EDF334-CA35-4409-B64A-77DC4BC99247}.Debug|Any CPU.Build.0 = Debug|Any CPU
		{C3EDF334-CA35-4409-B64A-77DC4BC99247}.Release|Any CPU.ActiveCfg = Release|Any CPU
		{C3EDF334-CA35-4409-B64A-77DC4BC99247}.Release|Any CPU.Build.0 = Release|Any CPU
	EndGlobalSection
	GlobalSection(SolutionProperties) = preSolution
		HideSolutionNode = FALSE
	EndGlobalSection
	GlobalSection(ExtensibilityGlobals) = postSolution
		SolutionGuid = {5D22F6CA-884D-4F37-9806-1306006CF21D}
	EndGlobalSection
EndGlobal
